
Microsoft Visual Studio Solution File, Format Version 12.00
# Visual Studio 14
VisualStudioVersion = 14.0.25123.0
MinimumVisualStudioVersion = 10.0.40219.1
Project("{2150E333-8FDC-42A3-9474-1A3956D46DE8}") = "Samples", "Samples", "{C695FB8A-B3DE-44E1-AD43-4F619E0FF5FA}"
EndProject
Project("{FAE04EC0-301F-11D3-BF4B-00C04F79EFBC}") = "Sequin.FluentValidation", "Sequin.FluentValidation\Sequin.FluentValidation.csproj", "{29F3F13E-A42B-40C0-973E-3C074912AD40}"
EndProject
Project("{2150E333-8FDC-42A3-9474-1A3956D46DE8}") = "Tests", "Tests", "{DE248D3C-18AD-4EDD-8832-D48966FFD334}"
EndProject
Project("{FAE04EC0-301F-11D3-BF4B-00C04F79EFBC}") = "Sequin.FluentValidation.Integration", "Sequin.FluentValidation.Integration\Sequin.FluentValidation.Integration.csproj", "{A4BB5DC4-37B8-449A-A50F-09B6ADDDC80F}"
EndProject
Project("{FAE04EC0-301F-11D3-BF4B-00C04F79EFBC}") = "Sequin.FluentValidation.Sample", "Sequin.FluentValidation.Sample\Sequin.FluentValidation.Sample.csproj", "{D5648CAD-7601-4116-9AF2-88F242DD31C1}"
EndProject
Project("{FAE04EC0-301F-11D3-BF4B-00C04F79EFBC}") = "Sequin.FluentValidation.Owin", "Sequin.FluentValidation.Owin\Sequin.FluentValidation.Owin.csproj", "{81683439-6105-4170-9FA0-0801047C3E90}"
EndProject
Global
	GlobalSection(SolutionConfigurationPlatforms) = preSolution
		Debug|Any CPU = Debug|Any CPU
		Release|Any CPU = Release|Any CPU
	EndGlobalSection
	GlobalSection(ProjectConfigurationPlatforms) = postSolution
		{29F3F13E-A42B-40C0-973E-3C074912AD40}.Debug|Any CPU.ActiveCfg = Debug|Any CPU
		{29F3F13E-A42B-40C0-973E-3C074912AD40}.Debug|Any CPU.Build.0 = Debug|Any CPU
		{29F3F13E-A42B-40C0-973E-3C074912AD40}.Release|Any CPU.ActiveCfg = Release|Any CPU
		{29F3F13E-A42B-40C0-973E-3C074912AD40}.Release|Any CPU.Build.0 = Release|Any CPU
		{A4BB5DC4-37B8-449A-A50F-09B6ADDDC80F}.Debug|Any CPU.ActiveCfg = Debug|Any CPU
		{A4BB5DC4-37B8-449A-A50F-09B6ADDDC80F}.Debug|Any CPU.Build.0 = Debug|Any CPU
		{A4BB5DC4-37B8-449A-A50F-09B6ADDDC80F}.Release|Any CPU.ActiveCfg = Release|Any CPU
		{A4BB5DC4-37B8-449A-A50F-09B6ADDDC80F}.Release|Any CPU.Build.0 = Release|Any CPU
		{D5648CAD-7601-4116-9AF2-88F242DD31C1}.Debug|Any CPU.ActiveCfg = Debug|Any CPU
		{D5648CAD-7601-4116-9AF2-88F242DD31C1}.Debug|Any CPU.Build.0 = Debug|Any CPU
		{D5648CAD-7601-4116-9AF2-88F242DD31C1}.Release|Any CPU.ActiveCfg = Release|Any CPU
		{D5648CAD-7601-4116-9AF2-88F242DD31C1}.Release|Any CPU.Build.0 = Release|Any CPU
		{81683439-6105-4170-9FA0-0801047C3E90}.Debug|Any CPU.ActiveCfg = Debug|Any CPU
		{81683439-6105-4170-9FA0-0801047C3E90}.Debug|Any CPU.Build.0 = Debug|Any CPU
		{81683439-6105-4170-9FA0-0801047C3E90}.Release|Any CPU.ActiveCfg = Release|Any CPU
		{81683439-6105-4170-9FA0-0801047C3E90}.Release|Any CPU.Build.0 = Release|Any CPU
	EndGlobalSection
	GlobalSection(SolutionProperties) = preSolution
		HideSolutionNode = FALSE
	EndGlobalSection
	GlobalSection(NestedProjects) = preSolution
		{A4BB5DC4-37B8-449A-A50F-09B6ADDDC80F} = {DE248D3C-18AD-4EDD-8832-D48966FFD334}
		{D5648CAD-7601-4116-9AF2-88F242DD31C1} = {C695FB8A-B3DE-44E1-AD43-4F619E0FF5FA}
	EndGlobalSection
EndGlobal
